dependencies:
  esp_lcd_ili9488:
    component_hash: 8daa7b158a956fc1ea0297d73b39858dd3659c1714bed9ad09e33d84a020d258
    dependencies:
    - name: idf
      version: '>=4.4.2'
    source:
      git: https://github.com/atanisoft/esp_lcd_ili9488.git
      path: .
      type: git
    version: ed4dd77fdf3531c8b2ee95890e37e86f565c76f5
  idf:
    source:
      type: idf
    version: 5.2.5
  lvgl/lvgl:
    component_hash: d7c1ac037ae6e85d94897f807d6e7ba0946a83e720074fc95a4f6241da9f9f53
    dependencies: []
    source:
      registry_url: https://components.espressif.com/
      type: service
    version: 8.4.0
direct_dependencies:
- esp_lcd_ili9488
- idf
- lvgl/lvgl
manifest_hash: 41d4e4d73f29859587ab00c5b63fc373f804210893cabc71219cf106fc47d8ee
target: esp32c3
version: 2.0.0
